
Microsoft Visual Studio Solution File, Format Version 12.00
# Visual Studio Version 16
VisualStudioVersion = 16.0.33529.622
MinimumVisualStudioVersion = 10.0.40219.1
Project("{FAE04EC0-301F-11D3-BF4B-00C04F79EFBC}") = "WpfApp1", "WpfApp1\WpfApp1.csproj", "{3B13643C-AC35-4AF5-98F8-3881ABDD0235}"
EndProject
Project("{FAE04EC0-301F-11D3-BF4B-00C04F79EFBC}") = "TestProject1", "TestProject1\TestProject1.csproj", "{7D88092E-E4E7-481E-85E7-AB610A102158}"
EndProject
Global
	GlobalSection(SolutionConfigurationPlatforms) = preSolution
		Debug|Any CPU = Debug|Any CPU
		Release|Any CPU = Release|Any CPU
	EndGlobalSection
	GlobalSection(ProjectConfigurationPlatforms) = postSolution
		{3B13643C-AC35-4AF5-98F8-3881ABDD0235}.Debug|Any CPU.ActiveCfg = Debug|Any CPU
		{3B13643C-AC35-4AF5-98F8-3881ABDD0235}.Debug|Any CPU.Build.0 = Debug|Any CPU
		{3B13643C-AC35-4AF5-98F8-3881ABDD0235}.Release|Any CPU.ActiveCfg = Release|Any CPU
		{3B13643C-AC35-4AF5-98F8-3881ABDD0235}.Release|Any CPU.Build.0 = Release|Any CPU
		{7D88092E-E4E7-481E-85E7-AB610A102158}.Debug|Any CPU.ActiveCfg = Debug|Any CPU
		{7D88092E-E4E7-481E-85E7-AB610A102158}.Debug|Any CPU.Build.0 = Debug|Any CPU
		{7D88092E-E4E7-481E-85E7-AB610A102158}.Release|Any CPU.ActiveCfg = Release|Any CPU
		{7D88092E-E4E7-481E-85E7-AB610A102158}.Release|Any CPU.Build.0 = Release|Any CPU
	EndGlobalSection
	GlobalSection(SolutionProperties) = preSolution
		HideSolutionNode = FALSE
	EndGlobalSection
	GlobalSection(ExtensibilityGlobals) = postSolution
		SolutionGuid = {115B70C2-9DC7-48E1-BA09-47044204B281}
	EndGlobalSection
EndGlobal
